PODS:
  - JRAuditableEntity (1.0.0)
  - JRAuditableEntityUI (1.0.0):
    - JRAuditableEntity (~> 1.0)

DEPENDENCIES:
  - JRAuditableEntityUI

SPEC CHECKSUMS:
  JRAuditableEntity: b245131f99a261cda37a054b90c0c17f9f863fc4
  JRAuditableEntityUI: 06ab9cf185b416ebcd6f4c86ac85e4d748b19746

COCOAPODS: 0.39.0
